
Microsoft Visual Studio Solution File, Format Version 12.00
# Visual Studio Version 16
VisualStudioVersion = 16.0.32106.194
MinimumVisualStudioVersion = 10.0.40219.1
Project("{FAE04EC0-301F-11D3-BF4B-00C04F79EFBC}") = "Prueba Algoritmo", "Prueba Algoritmo\Prueba Algoritmo.csproj", "{15F7920D-BFDB-4FAD-A15D-B669A24CC742}"
EndProject
Global
	GlobalSection(SolutionConfigurationPlatforms) = preSolution
		Debug|Any CPU = Debug|Any CPU
		Release|Any CPU = Release|Any CPU
	EndGlobalSection
	GlobalSection(ProjectConfigurationPlatforms) = postSolution
		{15F7920D-BFDB-4FAD-A15D-B669A24CC742}.Debug|Any CPU.ActiveCfg = Debug|Any CPU
		{15F7920D-BFDB-4FAD-A15D-B669A24CC742}.Debug|Any CPU.Build.0 = Debug|Any CPU
		{15F7920D-BFDB-4FAD-A15D-B669A24CC742}.Release|Any CPU.ActiveCfg = Release|Any CPU
		{15F7920D-BFDB-4FAD-A15D-B669A24CC742}.Release|Any CPU.Build.0 = Release|Any CPU
	EndGlobalSection
	GlobalSection(SolutionProperties) = preSolution
		HideSolutionNode = FALSE
	EndGlobalSection
	GlobalSection(ExtensibilityGlobals) = postSolution
		SolutionGuid = {7E660B4E-F739-41D4-9943-F248CE62DF4C}
	EndGlobalSection
EndGlobal
